// !$*UTF8*$!
{
	archiveVersion = 1;
	classes = {
	};
	objectVersion = 51;
	objects = {

/* Begin PBXBuildFile section */
		2268F61D22916FAA0038342B /* AppDelegate.swift in Sources */ = {isa = PBXBuildFile; fileRef = 2268F61C22916FAA0038342B /* AppDelegate.swift */; };
		2268F61F22916FAA0038342B /* PortfolioViewController.swift in Sources */ = {isa = PBXBuildFile; fileRef = 2268F61E22916FAA0038342B /* PortfolioViewController.swift */; };
		2268F62222916FAA0038342B /* Main.storyboard in Resources */ = {isa = PBXBuildFile; fileRef = 2268F62022916FAA0038342B /* Main.storyboard */; };
		2268F62422916FAB0038342B /* Assets.xcassets in Resources */ = {isa = PBXBuildFile; fileRef = 2268F62322916FAB0038342B /* Assets.xcassets */; };
		2268F62722916FAB0038342B /* LaunchScreen.storyboard in Resources */ = {isa = PBXBuildFile; fileRef = 2268F62522916FAB0038342B /* LaunchScreen.storyboard */; };
		2268F630229174470038342B /* BrowseViewController.swift in Sources */ = {isa = PBXBuildFile; fileRef = 2268F62F229174470038342B /* BrowseViewController.swift */; };
		2268F632229174740038342B /* AnalysisViewController.swift in Sources */ = {isa = PBXBuildFile; fileRef = 2268F631229174740038342B /* AnalysisViewController.swift */; };
		2268F634229309400038342B /* CryptoHoldingCell.swift in Sources */ = {isa = PBXBuildFile; fileRef = 2268F633229309400038342B /* CryptoHoldingCell.swift */; };
		544DC7E8229E2CA80066E2A8 /* CryptocurrencyType.swift in Sources */ = {isa = PBXBuildFile; fileRef = 544DC7E7229E2CA80066E2A8 /* CryptocurrencyType.swift */; };
		D121691B0451C604AE241006 /* Pods_Cryptopia.framework in Frameworks */ = {isa = PBXBuildFile; fileRef = D2DCCC89921B497DDEDC742B /* Pods_Cryptopia.framework */; };
/* End PBXBuildFile section */

/* Begin PBXFileReference section */
		2268F61922916FAA0038342B /* Cryptopia.app */ = {isa = PBXFileReference; explicitFileType = wrapper.application; includeInIndex = 0; path = Cryptopia.app; sourceTree = BUILT_PRODUCTS_DIR; };
		2268F61C22916FAA0038342B /* AppDelegate.swift */ = {isa = PBXFileReference; lastKnownFileType = sourcecode.swift; path = AppDelegate.swift; sourceTree = "<group>"; };
		2268F61E22916FAA0038342B /* PortfolioViewController.swift */ = {isa = PBXFileReference; lastKnownFileType = sourcecode.swift; path = PortfolioViewController.swift; sourceTree = "<group>"; };
		2268F62122916FAA0038342B /* Base */ = {isa = PBXFileReference; lastKnownFileType = file.storyboard; name = Base; path = Base.lproj/Main.storyboard; sourceTree = "<group>"; };
		2268F62322916FAB0038342B /* Assets.xcassets */ = {isa = PBXFileReference; lastKnownFileType = folder.assetcatalog; path = Assets.xcassets; sourceTree = "<group>"; };
		2268F62622916FAB0038342B /* Base */ = {isa = PBXFileReference; lastKnownFileType = file.storyboard; name = Base; path = Base.lproj/LaunchScreen.storyboard; sourceTree = "<group>"; };
		2268F62822916FAB0038342B /* Info.plist */ = {isa = PBXFileReference; lastKnownFileType = text.plist.xml; path = Info.plist; sourceTree = "<group>"; };
		2268F62F229174470038342B /* BrowseViewController.swift */ = {isa = PBXFileReference; lastKnownFileType = sourcecode.swift; path = BrowseViewController.swift; sourceTree = "<group>"; };
		2268F631229174740038342B /* AnalysisViewController.swift */ = {isa = PBXFileReference; lastKnownFileType = sourcecode.swift; path = AnalysisViewController.swift; sourceTree = "<group>"; };
		2268F633229309400038342B /* CryptoHoldingCell.swift */ = {isa = PBXFileReference; lastKnownFileType = sourcecode.swift; path = CryptoHoldingCell.swift; sourceTree = "<group>"; };
		2416866D808A9678DDA023F3 /* Pods-Cryptopia.debug.xcconfig */ = {isa = PBXFileReference; includeInIndex = 1; lastKnownFileType = text.xcconfig; name = "Pods-Cryptopia.debug.xcconfig"; path = "Target Support Files/Pods-Cryptopia/Pods-Cryptopia.debug.xcconfig"; sourceTree = "<group>"; };
		544DC7E7229E2CA80066E2A8 /* CryptocurrencyType.swift */ = {isa = PBXFileReference; lastKnownFileType = sourcecode.swift; path = CryptocurrencyType.swift; sourceTree = "<group>"; };
		80FD53DEF98D277C192F91E3 /* Pods-Cryptopia.release.xcconfig */ = {isa = PBXFileReference; includeInIndex = 1; lastKnownFileType = text.xcconfig; name = "Pods-Cryptopia.release.xcconfig"; path = "Target Support Files/Pods-Cryptopia/Pods-Cryptopia.release.xcconfig"; sourceTree = "<group>"; };
		D2DCCC89921B497DDEDC742B /* Pods_Cryptopia.framework */ = {isa = PBXFileReference; explicitFileType = wrapper.framework; includeInIndex = 0; path = Pods_Cryptopia.framework; sourceTree = BUILT_PRODUCTS_DIR; };
/* End PBXFileReference section */

/* Begin PBXFrameworksBuildPhase section */
		2268F61622916FAA0038342B /* Frameworks */ = {
			isa = PBXFrameworksBuildPhase;
			buildActionMask = 2147483647;
			files = (
				D121691B0451C604AE241006 /* Pods_Cryptopia.framework in Frameworks */,
			);
			runOnlyForDeploymentPostprocessing = 0;
		};
/* End PBXFrameworksBuildPhase section */

/* Begin PBXGroup section */
		2268F61022916FAA0038342B = {
			isa = PBXGroup;
			children = (
				2268F61B22916FAA0038342B /* Cryptopia */,
				2268F61A22916FAA0038342B /* Products */,
				62800511DF4ECCB63F0C4E0D /* Pods */,
				A348B9FC56A0D37A636018B4 /* Frameworks */,
			);
			sourceTree = "<group>";
		};
		2268F61A22916FAA0038342B /* Products */ = {
			isa = PBXGroup;
			children = (
				2268F61922916FAA0038342B /* Cryptopia.app */,
			);
			name = Products;
			sourceTree = "<group>";
		};
		2268F61B22916FAA0038342B /* Cryptopia */ = {
			isa = PBXGroup;
			children = (
				2268F635229309590038342B /* Models */,
				2268F62E2291741C0038342B /* View Controllers */,
				2268F61C22916FAA0038342B /* AppDelegate.swift */,
				2268F62022916FAA0038342B /* Main.storyboard */,
				2268F62322916FAB0038342B /* Assets.xcassets */,
				2268F62522916FAB0038342B /* LaunchScreen.storyboard */,
				2268F62822916FAB0038342B /* Info.plist */,
			);
			path = Cryptopia;
			sourceTree = "<group>";
		};
		2268F62E2291741C0038342B /* View Controllers */ = {
			isa = PBXGroup;
			children = (
				2268F61E22916FAA0038342B /* PortfolioViewController.swift */,
				2268F62F229174470038342B /* BrowseViewController.swift */,
				2268F631229174740038342B /* AnalysisViewController.swift */,
			);
			path = "View Controllers";
			sourceTree = "<group>";
		};
		2268F635229309590038342B /* Models */ = {
			isa = PBXGroup;
			children = (
				2268F633229309400038342B /* CryptoHoldingCell.swift */,
				544DC7E7229E2CA80066E2A8 /* CryptocurrencyType.swift */,
			);
			path = Models;
			sourceTree = "<group>";
		};
		62800511DF4ECCB63F0C4E0D /* Pods */ = {
			isa = PBXGroup;
			children = (
				2416866D808A9678DDA023F3 /* Pods-Cryptopia.debug.xcconfig */,
				80FD53DEF98D277C192F91E3 /* Pods-Cryptopia.release.xcconfig */,
			);
			path = Pods;
			sourceTree = "<group>";
		};
		A348B9FC56A0D37A636018B4 /* Frameworks */ = {
			isa = PBXGroup;
			children = (
				D2DCCC89921B497DDEDC742B /* Pods_Cryptopia.framework */,
			);
			name = Frameworks;
			sourceTree = "<group>";
		};
/* End PBXGroup section */

/* Begin PBXNativeTarget section */
		2268F61822916FAA0038342B /* Cryptopia */ = {
			isa = PBXNativeTarget;
			buildConfigurationList = 2268F62B22916FAB0038342B /* Build configuration list for PBXNativeTarget "Cryptopia" */;
			buildPhases = (
				90F89E49F89522B4FB8EC6BF /* [CP] Check Pods Manifest.lock */,
				2268F61522916FAA0038342B /* Sources */,
				2268F61622916FAA0038342B /* Frameworks */,
				2268F61722916FAA0038342B /* Resources */,
				74AFAD180CCF0EA3018002A4 /* [CP] Embed Pods Frameworks */,
			);
			buildRules = (
			);
			dependencies = (
			);
			name = Cryptopia;
			productName = Cryptopia;
			productReference = 2268F61922916FAA0038342B /* Cryptopia.app */;
			productType = "com.apple.product-type.application";
		};
/* End PBXNativeTarget section */

/* Begin PBXProject section */
		2268F61122916FAA0038342B /* Project object */ = {
			isa = PBXProject;
			attributes = {
				LastSwiftUpdateCheck = 1020;
				LastUpgradeCheck = 1020;
				ORGANIZATIONNAME = UTS_iOSDev;
				TargetAttributes = {
					2268F61822916FAA0038342B = {
						CreatedOnToolsVersion = 10.2;
					};
				};
			};
			buildConfigurationList = 2268F61422916FAA0038342B /* Build configuration list for PBXProject "Cryptopia" */;
			compatibilityVersion = "Xcode 10.0";
			developmentRegion = en;
			hasScannedForEncodings = 0;
			knownRegions = (
				en,
				Base,
			);
			mainGroup = 2268F61022916FAA0038342B;
			productRefGroup = 2268F61A22916FAA0038342B /* Products */;
			projectDirPath = "";
			projectRoot = "";
			targets = (
				2268F61822916FAA0038342B /* Cryptopia */,
			);
		};
/* End PBXProject section */

/* Begin PBXResourcesBuildPhase section */
		2268F61722916FAA0038342B /* Resources */ = {
			isa = PBXResourcesBuildPhase;
			buildActionMask = 2147483647;
			files = (
				2268F62722916FAB0038342B /* LaunchScreen.storyboard in Resources */,
				2268F62422916FAB0038342B /* Assets.xcassets in Resources */,
				2268F62222916FAA0038342B /* Main.storyboard in Resources */,
			);
			runOnlyForDeploymentPostprocessing = 0;
		};
/* End PBXResourcesBuildPhase section */

/* Begin PBXShellScriptBuildPhase section */
		74AFAD180CCF0EA3018002A4 /* [CP] Embed Pods Frameworks */ = {
			isa = PBXShellScriptBuildPhase;
			buildActionMask = 2147483647;
			files = (
			);
			inputFileListPaths = (
			);
			inputPaths = (
				"${PODS_ROOT}/Target Support Files/Pods-Cryptopia/Pods-Cryptopia-frameworks.sh",
				"${BUILT_PRODUCTS_DIR}/Alamofire/Alamofire.framework",
				"${BUILT_PRODUCTS_DIR}/SwiftyJSON/SwiftyJSON.framework",
			);
			name = "[CP] Embed Pods Frameworks";
			outputFileListPaths = (
			);
			outputPaths = (
				"${TARGET_BUILD_DIR}/${FRAMEWORKS_FOLDER_PATH}/Alamofire.framework",
				"${TARGET_BUILD_DIR}/${FRAMEWORKS_FOLDER_PATH}/SwiftyJSON.framework",
			);
			runOnlyForDeploymentPostprocessing = 0;
			shellPath = /bin/sh;
			shellScript = "\"${PODS_ROOT}/Target Support Files/Pods-Cryptopia/Pods-Cryptopia-frameworks.sh\"\n";
			showEnvVarsInLog = 0;
		};
		90F89E49F89522B4FB8EC6BF /* [CP] Check Pods Manifest.lock */ = {
			isa = PBXShellScriptBuildPhase;
			buildActionMask = 2147483647;
			files = (
			);
			inputFileListPaths = (
			);
			inputPaths = (
				"${PODS_PODFILE_DIR_PATH}/Podfile.lock",
				"${PODS_ROOT}/Manifest.lock",
			);
			name = "[CP] Check Pods Manifest.lock";
			outputFileListPaths = (
			);
			outputPaths = (
				"$(DERIVED_FILE_DIR)/Pods-Cryptopia-checkManifestLockResult.txt",
			);
			runOnlyForDeploymentPostprocessing = 0;
			shellPath = /bin/sh;
			shellScript = "diff \"${PODS_PODFILE_DIR_PATH}/Podfile.lock\" \"${PODS_ROOT}/Manifest.lock\" > /dev/null\nif [ $? != 0 ] ; then\n    # print error to STDERR\n    echo \"error: The sandbox is not in sync with the Podfile.lock. Run 'pod install' or update your CocoaPods installation.\" >&2\n    exit 1\nfi\n# This output is used by Xcode 'outputs' to avoid re-running this script phase.\necho \"SUCCESS\" > \"${SCRIPT_OUTPUT_FILE_0}\"\n";
			showEnvVarsInLog = 0;
		};
/* End PBXShellScriptBuildPhase section */

/* Begin PBXSourcesBuildPhase section */
		2268F61522916FAA0038342B /* Sources */ = {
			isa = PBXSourcesBuildPhase;
			buildActionMask = 2147483647;
			files = (
				2268F630229174470038342B /* BrowseViewController.swift in Sources */,
				544DC7E8229E2CA80066E2A8 /* CryptocurrencyType.swift in Sources */,
				2268F634229309400038342B /* CryptoHoldingCell.swift in Sources */,
				2268F61F22916FAA0038342B /* PortfolioViewController.swift in Sources */,
				2268F632229174740038342B /* AnalysisViewController.swift in Sources */,
				2268F61D22916FAA0038342B /* AppDelegate.swift in Sources */,
			);
			runOnlyForDeploymentPostprocessing = 0;
		};
/* End PBXSourcesBuildPhase section */

/* Begin PBXVariantGroup section */
		2268F62022916FAA0038342B /* Main.storyboard */ = {
			isa = PBXVariantGroup;
			children = (
				2268F62122916FAA0038342B /* Base */,
			);
			name = Main.storyboard;
			sourceTree = "<group>";
		};
		2268F62522916FAB0038342B /* LaunchScreen.storyboard */ = {
			isa = PBXVariantGroup;
			children = (
				2268F62622916FAB0038342B /* Base */,
			);
			name = LaunchScreen.storyboard;
			sourceTree = "<group>";
		};
/* End PBXVariantGroup section */

/* Begin XCBuildConfiguration section */
		2268F62922916FAB0038342B /* Debug */ = {
			isa = XCBuildConfiguration;
			buildSettings = {
				ALWAYS_SEARCH_USER_PATHS = NO;
				CLANG_ANALYZER_NONNULL = YES;
				CLANG_ANALYZER_NUMBER_OBJECT_CONVERSION = YES_AGGRESSIVE;
				CLANG_CXX_LANGUAGE_STANDARD = "gnu++14";
				CLANG_CXX_LIBRARY = "libc++";
				CLANG_ENABLE_MODULES = YES;
				CLANG_ENABLE_OBJC_ARC = YES;
				CLANG_ENABLE_OBJC_WEAK = YES;
				CLANG_WARN_BLOCK_CAPTURE_AUTORELEASING = YES;
				CLANG_WARN_BOOL_CONVERSION = YES;
				CLANG_WARN_COMMA = YES;
				CLANG_WARN_CONSTANT_CONVERSION = YES;
				CLANG_WARN_DEPRECATED_OBJC_IMPLEMENTATIONS = YES;
				CLANG_WARN_DIRECT_OBJC_ISA_USAGE = YES_ERROR;
				CLANG_WARN_DOCUMENTATION_COMMENTS = YES;
				CLANG_WARN_EMPTY_BODY = YES;
				CLANG_WARN_ENUM_CONVERSION = YES;
				CLANG_WARN_INFINITE_RECURSION = YES;
				CLANG_WARN_INT_CONVERSION = YES;
				CLANG_WARN_NON_LITERAL_NULL_CONVERSION = YES;
				CLANG_WARN_OBJC_IMPLICIT_RETAIN_SELF = YES;
				CLANG_WARN_OBJC_LITERAL_CONVERSION = YES;
				CLANG_WARN_OBJC_ROOT_CLASS = YES_ERROR;
				CLANG_WARN_RANGE_LOOP_ANALYSIS = YES;
				CLANG_WARN_STRICT_PROTOTYPES = YES;
				CLANG_WARN_SUSPICIOUS_MOVE = YES;
				CLANG_WARN_UNGUARDED_AVAILABILITY = YES_AGGRESSIVE;
				CLANG_WARN_UNREACHABLE_CODE = YES;
				CLANG_WARN__DUPLICATE_METHOD_MATCH = YES;
				CODE_SIGN_IDENTITY = "iPhone Developer";
				COPY_PHASE_STRIP = NO;
				DEBUG_INFORMATION_FORMAT = dwarf;
				ENABLE_STRICT_OBJC_MSGSEND = YES;
				ENABLE_TESTABILITY = YES;
				GCC_C_LANGUAGE_STANDARD = gnu11;
				GCC_DYNAMIC_NO_PIC = NO;
				GCC_NO_COMMON_BLOCKS = YES;
				GCC_OPTIMIZATION_LEVEL = 0;
				GCC_PREPROCESSOR_DEFINITIONS = (
					"DEBUG=1",
					"$(inherited)",
				);
				GCC_WARN_64_TO_32_BIT_CONVERSION = YES;
				GCC_WARN_ABOUT_RETURN_TYPE = YES_ERROR;
				GCC_WARN_UNDECLARED_SELECTOR = YES;
				GCC_WARN_UNINITIALIZED_AUTOS = YES_AGGRESSIVE;
				GCC_WARN_UNUSED_FUNCTION = YES;
				GCC_WARN_UNUSED_VARIABLE = YES;
				IPHONEOS_DEPLOYMENT_TARGET = 12.2;
				MTL_ENABLE_DEBUG_INFO = INCLUDE_SOURCE;
				MTL_FAST_MATH = YES;
				ONLY_ACTIVE_ARCH = YES;
				SDKROOT = iphoneos;
				SWIFT_ACTIVE_COMPILATION_CONDITIONS = DEBUG;
				SWIFT_OPTIMIZATION_LEVEL = "-Onone";
			};
			name = Debug;
		};
		2268F62A22916FAB0038342B /* Release */ = {
			isa = XCBuildConfiguration;
			buildSettings = {
				ALWAYS_SEARCH_USER_PATHS = NO;
				CLANG_ANALYZER_NONNULL = YES;
				CLANG_ANALYZER_NUMBER_OBJECT_CONVERSION = YES_AGGRESSIVE;
				CLANG_CXX_LANGUAGE_STANDARD = "gnu++14";
				CLANG_CXX_LIBRARY = "libc++";
				CLANG_ENABLE_MODULES = YES;
				CLANG_ENABLE_OBJC_ARC = YES;
				CLANG_ENABLE_OBJC_WEAK = YES;
				CLANG_WARN_BLOCK_CAPTURE_AUTORELEASING = YES;
				CLANG_WARN_BOOL_CONVERSION = YES;
				CLANG_WARN_COMMA = YES;
				CLANG_WARN_CONSTANT_CONVERSION = YES;
				CLANG_WARN_DEPRECATED_OBJC_IMPLEMENTATIONS = YES;
				CLANG_WARN_DIRECT_OBJC_ISA_USAGE = YES_ERROR;
				CLANG_WARN_DOCUMENTATION_COMMENTS = YES;
				CLANG_WARN_EMPTY_BODY = YES;
				CLANG_WARN_ENUM_CONVERSION = YES;
				CLANG_WARN_INFINITE_RECURSION = YES;
				CLANG_WARN_INT_CONVERSION = YES;
				CLANG_WARN_NON_LITERAL_NULL_CONVERSION = YES;
				CLANG_WARN_OBJC_IMPLICIT_RETAIN_SELF = YES;
				CLANG_WARN_OBJC_LITERAL_CONVERSION = YES;
				CLANG_WARN_OBJC_ROOT_CLASS = YES_ERROR;
				CLANG_WARN_RANGE_LOOP_ANALYSIS = YES;
				CLANG_WARN_STRICT_PROTOTYPES = YES;
				CLANG_WARN_SUSPICIOUS_MOVE = YES;
				CLANG_WARN_UNGUARDED_AVAILABILITY = YES_AGGRESSIVE;
				CLANG_WARN_UNREACHABLE_CODE = YES;
				CLANG_WARN__DUPLICATE_METHOD_MATCH = YES;
				CODE_SIGN_IDENTITY = "iPhone Developer";
				COPY_PHASE_STRIP = NO;
				DEBUG_INFORMATION_FORMAT = "dwarf-with-dsym";
				ENABLE_NS_ASSERTIONS = NO;
				ENABLE_STRICT_OBJC_MSGSEND = YES;
				GCC_C_LANGUAGE_STANDARD = gnu11;
				GCC_NO_COMMON_BLOCKS = YES;
				GCC_WARN_64_TO_32_BIT_CONVERSION = YES;
				GCC_WARN_ABOUT_RETURN_TYPE = YES_ERROR;
				GCC_WARN_UNDECLARED_SELECTOR = YES;
				GCC_WARN_UNINITIALIZED_AUTOS = YES_AGGRESSIVE;
				GCC_WARN_UNUSED_FUNCTION = YES;
				GCC_WARN_UNUSED_VARIABLE = YES;
				IPHONEOS_DEPLOYMENT_TARGET = 12.2;
				MTL_ENABLE_DEBUG_INFO = NO;
				MTL_FAST_MATH = YES;
				SDKROOT = iphoneos;
				SWIFT_COMPILATION_MODE = wholemodule;
				SWIFT_OPTIMIZATION_LEVEL = "-O";
				VALIDATE_PRODUCT = YES;
			};
			name = Release;
		};
		2268F62C22916FAB0038342B /* Debug */ = {
			isa = XCBuildConfiguration;
			baseConfigurationReference = 2416866D808A9678DDA023F3 /* Pods-Cryptopia.debug.xcconfig */;
			buildSettings = {
				ASSETCATALOG_COMPILER_APPICON_NAME = AppIcon;
				CODE_SIGN_STYLE = Automatic;
				DEVELOPMENT_TEAM = "";
				INFOPLIST_FILE = Cryptopia/Info.plist;
				IPHONEOS_DEPLOYMENT_TARGET = 12.0;
				LD_RUNPATH_SEARCH_PATHS = (
					"$(inherited)",
					"@executable_path/Frameworks",
				);
				PRODUCT_BUNDLE_IDENTIFIER = group183.Cryptopia;
				PRODUCT_NAME = "$(TARGET_NAME)";
				SWIFT_VERSION = 4.2;
				TARGETED_DEVICE_FAMILY = "1,2";
			};
			name = Debug;
		};
		2268F62D22916FAB0038342B /* Release */ = {
			isa = XCBuildConfiguration;
			baseConfigurationReference = 80FD53DEF98D277C192F91E3 /* Pods-Cryptopia.release.xcconfig */;
			buildSettings = {
				ASSETCATALOG_COMPILER_APPICON_NAME = AppIcon;
				CODE_SIGN_STYLE = Automatic;
				DEVELOPMENT_TEAM = "";
				INFOPLIST_FILE = Cryptopia/Info.plist;
				IPHONEOS_DEPLOYMENT_TARGET = 12.0;
				LD_RUNPATH_SEARCH_PATHS = (
					"$(inherited)",
					"@executable_path/Frameworks",
				);
				PRODUCT_BUNDLE_IDENTIFIER = group183.Cryptopia;
				PRODUCT_NAME = "$(TARGET_NAME)";
				SWIFT_VERSION = 4.2;
				TARGETED_DEVICE_FAMILY = "1,2";
			};
			name = Release;
		};
/* End XCBuildConfiguration section */

/* Begin XCConfigurationList section */
		2268F61422916FAA0038342B /* Build configuration list for PBXProject "Cryptopia" */ = {
			isa = XCConfigurationList;
			buildConfigurations = (
				2268F62922916FAB0038342B /* Debug */,
				2268F62A22916FAB0038342B /* Release */,
			);
			defaultConfigurationIsVisible = 0;
			defaultConfigurationName = Release;
		};
		2268F62B22916FAB0038342B /* Build configuration list for PBXNativeTarget "Cryptopia" */ = {
			isa = XCConfigurationList;
			buildConfigurations = (
				2268F62C22916FAB0038342B /* Debug */,
				2268F62D22916FAB0038342B /* Release */,
			);
			defaultConfigurationIsVisible = 0;
			defaultConfigurationName = Release;
		};
/* End XCConfigurationList section */
	};
	rootObject = 2268F61122916FAA0038342B /* Project object */;
}
